
Microsoft Visual Studio Solution File, Format Version 12.00
# Visual Studio Version 17
VisualStudioVersion = 17.2.32526.322
MinimumVisualStudioVersion = 10.0.40219.1
Project("{9A19103F-16F7-4668-BE54-9A1E7A4F7556}") = "FinanceiroApp.WPF", "FinanceiroApp\FinanceiroApp.WPF.csproj", "{C385EC11-5F90-482D-BF63-F3E66BF7B632}"
EndProject
Project("{9A19103F-16F7-4668-BE54-9A1E7A4F7556}") = "FinanceiroApp.Library", "FinanceiroApp.Library\FinanceiroApp.Library.csproj", "{53DAE13B-9937-477A-BF77-4092AA862AD9}"
EndProject
Project("{9A19103F-16F7-4668-BE54-9A1E7A4F7556}") = "FinanceiroApp.Entity", "FinanceiroApp.Entity\FinanceiroApp.Entity.csproj", "{FAE311A5-A4DA-4055-8389-2864A122CAD2}"
EndProject
Project("{2150E333-8FDC-42A3-9474-1A3956D46DE8}") = "Solution Items", "Solution Items", "{E64974F6-03BC-42B8-8FE1-1FE680F4FE72}"
	ProjectSection(SolutionItems) = preProject
		.editorconfig = .editorconfig
	EndProjectSection
EndProject
Global
	GlobalSection(SolutionConfigurationPlatforms) = preSolution
		Debug|Any CPU = Debug|Any CPU
		Release|Any CPU = Release|Any CPU
	EndGlobalSection
	GlobalSection(ProjectConfigurationPlatforms) = postSolution
		{C385EC11-5F90-482D-BF63-F3E66BF7B632}.Debug|Any CPU.ActiveCfg = Debug|Any CPU
		{C385EC11-5F90-482D-BF63-F3E66BF7B632}.Debug|Any CPU.Build.0 = Debug|Any CPU
		{C385EC11-5F90-482D-BF63-F3E66BF7B632}.Release|Any CPU.ActiveCfg = Release|Any CPU
		{C385EC11-5F90-482D-BF63-F3E66BF7B632}.Release|Any CPU.Build.0 = Release|Any CPU
		{53DAE13B-9937-477A-BF77-4092AA862AD9}.Debug|Any CPU.ActiveCfg = Debug|Any CPU
		{53DAE13B-9937-477A-BF77-4092AA862AD9}.Debug|Any CPU.Build.0 = Debug|Any CPU
		{53DAE13B-9937-477A-BF77-4092AA862AD9}.Release|Any CPU.ActiveCfg = Release|Any CPU
		{53DAE13B-9937-477A-BF77-4092AA862AD9}.Release|Any CPU.Build.0 = Release|Any CPU
		{FAE311A5-A4DA-4055-8389-2864A122CAD2}.Debug|Any CPU.ActiveCfg = Debug|Any CPU
		{FAE311A5-A4DA-4055-8389-2864A122CAD2}.Debug|Any CPU.Build.0 = Debug|Any CPU
		{FAE311A5-A4DA-4055-8389-2864A122CAD2}.Release|Any CPU.ActiveCfg = Release|Any CPU
		{FAE311A5-A4DA-4055-8389-2864A122CAD2}.Release|Any CPU.Build.0 = Release|Any CPU
	EndGlobalSection
	GlobalSection(SolutionProperties) = preSolution
		HideSolutionNode = FALSE
	EndGlobalSection
	GlobalSection(ExtensibilityGlobals) = postSolution
		SolutionGuid = {EA739B99-DDDE-4703-9882-868529036F8E}
	EndGlobalSection
EndGlobal
