
Microsoft Visual Studio Solution File, Format Version 12.00
# Visual Studio Version 17
VisualStudioVersion = 17.2.32526.322
MinimumVisualStudioVersion = 10.0.40219.1
Project("{FAE04EC0-301F-11D3-BF4B-00C04F79EFBC}") = "SalesWebMVC", "SalesWebMVC\SalesWebMVC.csproj", "{112BBF31-3441-4B20-81BF-5AFC149C5737}"
EndProject
Global
	GlobalSection(SolutionConfigurationPlatforms) = preSolution
		Debug|Any CPU = Debug|Any CPU
		Release|Any CPU = Release|Any CPU
	EndGlobalSection
	GlobalSection(ProjectConfigurationPlatforms) = postSolution
		{112BBF31-3441-4B20-81BF-5AFC149C5737}.Debug|Any CPU.ActiveCfg = Debug|Any CPU
		{112BBF31-3441-4B20-81BF-5AFC149C5737}.Debug|Any CPU.Build.0 = Debug|Any CPU
		{112BBF31-3441-4B20-81BF-5AFC149C5737}.Release|Any CPU.ActiveCfg = Release|Any CPU
		{112BBF31-3441-4B20-81BF-5AFC149C5737}.Release|Any CPU.Build.0 = Release|Any CPU
	EndGlobalSection
	GlobalSection(SolutionProperties) = preSolution
		HideSolutionNode = FALSE
	EndGlobalSection
	GlobalSection(ExtensibilityGlobals) = postSolution
		SolutionGuid = {E88B823B-F8A4-46B0-8292-0888CF0CCD3E}
	EndGlobalSection
EndGlobal
