
Microsoft Visual Studio Solution File, Format Version 12.00
# Visual Studio Version 17
VisualStudioVersion = 17.2.32526.322
MinimumVisualStudioVersion = 10.0.40219.1
Project("{9A19103F-16F7-4668-BE54-9A1E7A4F7556}") = "CRUDProdutos.Domain", "DevTest\CRUDProdutos.Domain.csproj", "{99BB9089-C323-4AF7-8FEB-40CF75B2BE7F}"
EndProject
Project("{9A19103F-16F7-4668-BE54-9A1E7A4F7556}") = "CRUDProdutos.EntityFramework", "DevTest.EntityFramework\CRUDProdutos.EntityFramework.csproj", "{410DA20D-0E3A-43B7-BCDA-465FDBD5653C}"
EndProject
Project("{9A19103F-16F7-4668-BE54-9A1E7A4F7556}") = "CRUDProdutos.WPF", "DevTest.WPF\CRUDProdutos.WPF.csproj", "{8F0374BB-9F44-4A12-9426-8BC26C5C2E27}"
EndProject
Global
	GlobalSection(SolutionConfigurationPlatforms) = preSolution
		Debug|Any CPU = Debug|Any CPU
		Release|Any CPU = Release|Any CPU
	EndGlobalSection
	GlobalSection(ProjectConfigurationPlatforms) = postSolution
		{99BB9089-C323-4AF7-8FEB-40CF75B2BE7F}.Debug|Any CPU.ActiveCfg = Debug|Any CPU
		{99BB9089-C323-4AF7-8FEB-40CF75B2BE7F}.Debug|Any CPU.Build.0 = Debug|Any CPU
		{99BB9089-C323-4AF7-8FEB-40CF75B2BE7F}.Release|Any CPU.ActiveCfg = Release|Any CPU
		{99BB9089-C323-4AF7-8FEB-40CF75B2BE7F}.Release|Any CPU.Build.0 = Release|Any CPU
		{410DA20D-0E3A-43B7-BCDA-465FDBD5653C}.Debug|Any CPU.ActiveCfg = Debug|Any CPU
		{410DA20D-0E3A-43B7-BCDA-465FDBD5653C}.Debug|Any CPU.Build.0 = Debug|Any CPU
		{410DA20D-0E3A-43B7-BCDA-465FDBD5653C}.Release|Any CPU.ActiveCfg = Release|Any CPU
		{410DA20D-0E3A-43B7-BCDA-465FDBD5653C}.Release|Any CPU.Build.0 = Release|Any CPU
		{8F0374BB-9F44-4A12-9426-8BC26C5C2E27}.Debug|Any CPU.ActiveCfg = Debug|Any CPU
		{8F0374BB-9F44-4A12-9426-8BC26C5C2E27}.Debug|Any CPU.Build.0 = Debug|Any CPU
		{8F0374BB-9F44-4A12-9426-8BC26C5C2E27}.Release|Any CPU.ActiveCfg = Release|Any CPU
		{8F0374BB-9F44-4A12-9426-8BC26C5C2E27}.Release|Any CPU.Build.0 = Release|Any CPU
	EndGlobalSection
	GlobalSection(SolutionProperties) = preSolution
		HideSolutionNode = FALSE
	EndGlobalSection
	GlobalSection(ExtensibilityGlobals) = postSolution
		SolutionGuid = {3087A5F5-6342-420F-92D0-65B1617F15A5}
	EndGlobalSection
EndGlobal
